
Microsoft Visual Studio Solution File, Format Version 12.00
# Visual Studio Version 16
VisualStudioVersion = 16.0.29519.181
MinimumVisualStudioVersion = 10.0.40219.1
Project("{FAE04EC0-301F-11D3-BF4B-00C04F79EFBC}") = "OOP1", "OOP1\OOP1.csproj", "{4BB62ED6-5998-46FC-A4B3-4390E3B7AA15}"
EndProject
Project("{FAE04EC0-301F-11D3-BF4B-00C04F79EFBC}") = "OOP2", "OOP2\OOP2.csproj", "{3121B538-A685-4495-BEAD-47C42AC64D3E}"
EndProject
Global
	GlobalSection(SolutionConfigurationPlatforms) = preSolution
		Debug|Any CPU = Debug|Any CPU
		Release|Any CPU = Release|Any CPU
	EndGlobalSection
	GlobalSection(ProjectConfigurationPlatforms) = postSolution
		{4BB62ED6-5998-46FC-A4B3-4390E3B7AA15}.Debug|Any CPU.ActiveCfg = Debug|Any CPU
		{4BB62ED6-5998-46FC-A4B3-4390E3B7AA15}.Debug|Any CPU.Build.0 = Debug|Any CPU
		{4BB62ED6-5998-46FC-A4B3-4390E3B7AA15}.Release|Any CPU.ActiveCfg = Release|Any CPU
		{4BB62ED6-5998-46FC-A4B3-4390E3B7AA15}.Release|Any CPU.Build.0 = Release|Any CPU
		{3121B538-A685-4495-BEAD-47C42AC64D3E}.Debug|Any CPU.ActiveCfg = Debug|Any CPU
		{3121B538-A685-4495-BEAD-47C42AC64D3E}.Debug|Any CPU.Build.0 = Debug|Any CPU
		{3121B538-A685-4495-BEAD-47C42AC64D3E}.Release|Any CPU.ActiveCfg = Release|Any CPU
		{3121B538-A685-4495-BEAD-47C42AC64D3E}.Release|Any CPU.Build.0 = Release|Any CPU
	EndGlobalSection
	GlobalSection(SolutionProperties) = preSolution
		HideSolutionNode = FALSE
	EndGlobalSection
	GlobalSection(ExtensibilityGlobals) = postSolution
		SolutionGuid = {28D741FA-2259-4D4B-ACDB-0D6DB7DE6E32}
	EndGlobalSection
EndGlobal
